
Microsoft Visual Studio Solution File, Format Version 12.00
# Visual Studio Version 17
VisualStudioVersion = 17.4.33213.308
MinimumVisualStudioVersion = 10.0.40219.1
Project("{FAE04EC0-301F-11D3-BF4B-00C04F79EFBC}") = "TodoApi", "TodoApi\TodoApi.csproj", "{2241E2B1-69EC-41F3-8820-167CF27F3979}"
EndProject
Global
	GlobalSection(SolutionConfigurationPlatforms) = preSolution
		Debug|Any CPU = Debug|Any CPU
		Release|Any CPU = Release|Any CPU
	EndGlobalSection
	GlobalSection(ProjectConfigurationPlatforms) = postSolution
		{2241E2B1-69EC-41F3-8820-167CF27F3979}.Debug|Any CPU.ActiveCfg = Debug|Any CPU
		{2241E2B1-69EC-41F3-8820-167CF27F3979}.Debug|Any CPU.Build.0 = Debug|Any CPU
		{2241E2B1-69EC-41F3-8820-167CF27F3979}.Release|Any CPU.ActiveCfg = Release|Any CPU
		{2241E2B1-69EC-41F3-8820-167CF27F3979}.Release|Any CPU.Build.0 = Release|Any CPU
	EndGlobalSection
	GlobalSection(SolutionProperties) = preSolution
		HideSolutionNode = FALSE
	EndGlobalSection
	GlobalSection(ExtensibilityGlobals) = postSolution
		SolutionGuid = {0CC859AB-F78F-4309-8F13-F067D301B69A}
	EndGlobalSection
EndGlobal
